
Microsoft Visual Studio Solution File, Format Version 12.00
# Visual Studio Version 16
VisualStudioVersion = 16.0.32413.511
MinimumVisualStudioVersion = 10.0.40219.1
Project("{FAE04EC0-301F-11D3-BF4B-00C04F79EFBC}") = "Lesson-4_Homework_2", "Lesson-4_Homework_2\Lesson-4_Homework_2.csproj", "{5245D3AC-0ADD-420F-8194-3FBBFDBA4A81}"
EndProject
Project("{FAE04EC0-301F-11D3-BF4B-00C04F79EFBC}") = "Lesson-4_Homework-3", "Lesson-4_Homework-3\Lesson-4_Homework-3.csproj", "{21D23857-E1C1-41A9-8EE2-222B7BF25B20}"
EndProject
Project("{FAE04EC0-301F-11D3-BF4B-00C04F79EFBC}") = "Lesson-4_Homework-4", "Lesson-4_Homework-4\Lesson-4_Homework-4.csproj", "{879CDB87-7EA5-47F2-9D50-87D7ACC0D4B8}"
EndProject
Project("{FAE04EC0-301F-11D3-BF4B-00C04F79EFBC}") = "Lesson-5_Homework-1_2", "Lesson-5_Homework-1\Lesson-5_Homework-1_2.csproj", "{E0ED8405-DAA1-4051-9972-935994E216A9}"
EndProject
Project("{FAE04EC0-301F-11D3-BF4B-00C04F79EFBC}") = "Lesson-5_Homework-3", "Lesson-5_Homework-3\Lesson-5_Homework-3.csproj", "{35D2D61A-6015-422F-BDA5-398FF0A6EB4E}"
EndProject
Project("{FAE04EC0-301F-11D3-BF4B-00C04F79EFBC}") = "Lesson-5_Homework_4", "Lesson-5_Homework_4\Lesson-5_Homework_4.csproj", "{AC71883A-B897-411A-B689-977373E9C82E}"
EndProject
Global
	GlobalSection(SolutionConfigurationPlatforms) = preSolution
		Debug|Any CPU = Debug|Any CPU
		Release|Any CPU = Release|Any CPU
	EndGlobalSection
	GlobalSection(ProjectConfigurationPlatforms) = postSolution
		{5245D3AC-0ADD-420F-8194-3FBBFDBA4A81}.Debug|Any CPU.ActiveCfg = Debug|Any CPU
		{5245D3AC-0ADD-420F-8194-3FBBFDBA4A81}.Debug|Any CPU.Build.0 = Debug|Any CPU
		{5245D3AC-0ADD-420F-8194-3FBBFDBA4A81}.Release|Any CPU.ActiveCfg = Release|Any CPU
		{5245D3AC-0ADD-420F-8194-3FBBFDBA4A81}.Release|Any CPU.Build.0 = Release|Any CPU
		{21D23857-E1C1-41A9-8EE2-222B7BF25B20}.Debug|Any CPU.ActiveCfg = Debug|Any CPU
		{21D23857-E1C1-41A9-8EE2-222B7BF25B20}.Debug|Any CPU.Build.0 = Debug|Any CPU
		{21D23857-E1C1-41A9-8EE2-222B7BF25B20}.Release|Any CPU.ActiveCfg = Release|Any CPU
		{21D23857-E1C1-41A9-8EE2-222B7BF25B20}.Release|Any CPU.Build.0 = Release|Any CPU
		{879CDB87-7EA5-47F2-9D50-87D7ACC0D4B8}.Debug|Any CPU.ActiveCfg = Debug|Any CPU
		{879CDB87-7EA5-47F2-9D50-87D7ACC0D4B8}.Debug|Any CPU.Build.0 = Debug|Any CPU
		{879CDB87-7EA5-47F2-9D50-87D7ACC0D4B8}.Release|Any CPU.ActiveCfg = Release|Any CPU
		{879CDB87-7EA5-47F2-9D50-87D7ACC0D4B8}.Release|Any CPU.Build.0 = Release|Any CPU
		{E0ED8405-DAA1-4051-9972-935994E216A9}.Debug|Any CPU.ActiveCfg = Debug|Any CPU
		{E0ED8405-DAA1-4051-9972-935994E216A9}.Debug|Any CPU.Build.0 = Debug|Any CPU
		{E0ED8405-DAA1-4051-9972-935994E216A9}.Release|Any CPU.ActiveCfg = Release|Any CPU
		{E0ED8405-DAA1-4051-9972-935994E216A9}.Release|Any CPU.Build.0 = Release|Any CPU
		{35D2D61A-6015-422F-BDA5-398FF0A6EB4E}.Debug|Any CPU.ActiveCfg = Debug|Any CPU
		{35D2D61A-6015-422F-BDA5-398FF0A6EB4E}.Debug|Any CPU.Build.0 = Debug|Any CPU
		{35D2D61A-6015-422F-BDA5-398FF0A6EB4E}.Release|Any CPU.ActiveCfg = Release|Any CPU
		{35D2D61A-6015-422F-BDA5-398FF0A6EB4E}.Release|Any CPU.Build.0 = Release|Any CPU
		{AC71883A-B897-411A-B689-977373E9C82E}.Debug|Any CPU.ActiveCfg = Debug|Any CPU
		{AC71883A-B897-411A-B689-977373E9C82E}.Debug|Any CPU.Build.0 = Debug|Any CPU
		{AC71883A-B897-411A-B689-977373E9C82E}.Release|Any CPU.ActiveCfg = Release|Any CPU
		{AC71883A-B897-411A-B689-977373E9C82E}.Release|Any CPU.Build.0 = Release|Any CPU
	EndGlobalSection
	GlobalSection(SolutionProperties) = preSolution
		HideSolutionNode = FALSE
	EndGlobalSection
	GlobalSection(ExtensibilityGlobals) = postSolution
		SolutionGuid = {99AED147-7278-42A3-9144-8D416BCF20E4}
	EndGlobalSection
EndGlobal
